PODS:
  - GTCategories (0.0.1):
    - GTCategories/Foundation (= 0.0.1)
    - GTCategories/QuartzCore (= 0.0.1)
    - GTCategories/UIKit (= 0.0.1)
  - GTCategories/Foundation (0.0.1):
    - GTCategories/Foundation/NSArray (= 0.0.1)
    - GTCategories/Foundation/NSBundle (= 0.0.1)
    - GTCategories/Foundation/NSData (= 0.0.1)
    - GTCategories/Foundation/NSDate (= 0.0.1)
    - GTCategories/Foundation/NSDateFormatter (= 0.0.1)
    - GTCategories/Foundation/NSDictionary (= 0.0.1)
    - GTCategories/Foundation/NSException (= 0.0.1)
    - GTCategories/Foundation/NSFileManager (= 0.0.1)
    - GTCategories/Foundation/NSIndexPath (= 0.0.1)
    - GTCategories/Foundation/NSInvocation (= 0.0.1)
    - GTCategories/Foundation/NSNotificationCenter (= 0.0.1)
    - GTCategories/Foundation/NSNumber (= 0.0.1)
    - GTCategories/Foundation/NSObject (= 0.0.1)
    - GTCategories/Foundation/NSRunLoop (= 0.0.1)
    - GTCategories/Foundation/NSSet (= 0.0.1)
    - GTCategories/Foundation/NSString (= 0.0.1)
    - GTCategories/Foundation/NSTimer (= 0.0.1)
    - GTCategories/Foundation/NSURL (= 0.0.1)
    - GTCategories/Foundation/NSUserDefaults (= 0.0.1)
  - GTCategories/Foundation/NSArray (0.0.1)
  - GTCategories/Foundation/NSBundle (0.0.1)
  - GTCategories/Foundation/NSData (0.0.1)
  - GTCategories/Foundation/NSDate (0.0.1)
  - GTCategories/Foundation/NSDateFormatter (0.0.1)
  - GTCategories/Foundation/NSDictionary (0.0.1)
  - GTCategories/Foundation/NSException (0.0.1)
  - GTCategories/Foundation/NSFileManager (0.0.1)
  - GTCategories/Foundation/NSIndexPath (0.0.1)
  - GTCategories/Foundation/NSInvocation (0.0.1)
  - GTCategories/Foundation/NSNotificationCenter (0.0.1)
  - GTCategories/Foundation/NSNumber (0.0.1)
  - GTCategories/Foundation/NSObject (0.0.1)
  - GTCategories/Foundation/NSRunLoop (0.0.1)
  - GTCategories/Foundation/NSSet (0.0.1)
  - GTCategories/Foundation/NSString (0.0.1):
    - GTCategories/Foundation/NSData
  - GTCategories/Foundation/NSTimer (0.0.1)
  - GTCategories/Foundation/NSURL (0.0.1)
  - GTCategories/Foundation/NSUserDefaults (0.0.1)
  - GTCategories/QuartzCore (0.0.1):
    - GTCategories/QuartzCore/CAAnimation (= 0.0.1)
    - GTCategories/QuartzCore/CALayer (= 0.0.1)
    - GTCategories/QuartzCore/CAMediaTimingFunction (= 0.0.1)
    - GTCategories/QuartzCore/CAShapeLayer (= 0.0.1)
    - GTCategories/QuartzCore/CATransaction (= 0.0.1)
  - GTCategories/QuartzCore/CAAnimation (0.0.1)
  - GTCategories/QuartzCore/CALayer (0.0.1)
  - GTCategories/QuartzCore/CAMediaTimingFunction (0.0.1)
  - GTCategories/QuartzCore/CAShapeLayer (0.0.1)
  - GTCategories/QuartzCore/CATransaction (0.0.1)
  - GTCategories/UIKit (0.0.1):
    - GTCategories/UIKit/UIApplication (= 0.0.1)
    - GTCategories/UIKit/UIColor (= 0.0.1)
    - GTCategories/UIKit/UIControl (= 0.0.1)
    - GTCategories/UIKit/UIDevice (= 0.0.1)
    - GTCategories/UIKit/UIFont (= 0.0.1)
    - GTCategories/UIKit/UIImage (= 0.0.1)
    - GTCategories/UIKit/UIResponder (= 0.0.1)
    - GTCategories/UIKit/UIScreen (= 0.0.1)
    - GTCategories/UIKit/UIScrollView (= 0.0.1)
    - GTCategories/UIKit/UISearchBar (= 0.0.1)
    - GTCategories/UIKit/UISplitViewController (= 0.0.1)
    - GTCategories/UIKit/UITableViewCell (= 0.0.1)
    - GTCategories/UIKit/UIView (= 0.0.1)
    - GTCategories/UIKit/UIViewController (= 0.0.1)
    - GTCategories/UIKit/UIWindow (= 0.0.1)
  - GTCategories/UIKit/UIApplication (0.0.1)
  - GTCategories/UIKit/UIColor (0.0.1)
  - GTCategories/UIKit/UIControl (0.0.1)
  - GTCategories/UIKit/UIDevice (0.0.1)
  - GTCategories/UIKit/UIFont (0.0.1)
  - GTCategories/UIKit/UIImage (0.0.1)
  - GTCategories/UIKit/UIResponder (0.0.1)
  - GTCategories/UIKit/UIScreen (0.0.1)
  - GTCategories/UIKit/UIScrollView (0.0.1)
  - GTCategories/UIKit/UISearchBar (0.0.1)
  - GTCategories/UIKit/UISplitViewController (0.0.1)
  - GTCategories/UIKit/UITableViewCell (0.0.1)
  - GTCategories/UIKit/UIView (0.0.1)
  - GTCategories/UIKit/UIViewController (0.0.1)
  - GTCategories/UIKit/UIWindow (0.0.1)

DEPENDENCIES:
  - GTCategories (from `../`)

EXTERNAL SOURCES:
  GTCategories:
    :path: "../"

SPEC CHECKSUMS:
  GTCategories: edec366b7221c65e384da70f69eba7f06c085291

PODFILE CHECKSUM: 7fd0de979ba2f4e05c55d30e9ff38b0bc180ade7

COCOAPODS: 1.5.3
